
Microsoft Visual Studio Solution File, Format Version 12.00
# Visual Studio 14
VisualStudioVersion = 14.0.23107.0
MinimumVisualStudioVersion = 10.0.40219.1
Project("{FAE04EC0-301F-11D3-BF4B-00C04F79EFBC}") = "Common", "Common\Common.csproj", "{C6427121-C422-4ECA-A479-B4598F412E3A}"
EndProject
Project("{FAE04EC0-301F-11D3-BF4B-00C04F79EFBC}") = "AssemblyHistoryApp", "AssemblyHistoryApp\AssemblyHistoryApp.csproj", "{9172156C-9112-464D-B2A9-B2A29AEF0A1A}"
EndProject
Project("{FAE04EC0-301F-11D3-BF4B-00C04F79EFBC}") = "SampleClassLibrary", "SampleClassLibrary\SampleClassLibrary.csproj", "{5EEF1496-A1F6-44DB-A041-EDBB80C80140}"
EndProject
Global
	GlobalSection(SolutionConfigurationPlatforms) = preSolution
		Debug|Any CPU = Debug|Any CPU
		Release|Any CPU = Release|Any CPU
	EndGlobalSection
	GlobalSection(ProjectConfigurationPlatforms) = postSolution
		{C6427121-C422-4ECA-A479-B4598F412E3A}.Debug|Any CPU.ActiveCfg = Debug|Any CPU
		{C6427121-C422-4ECA-A479-B4598F412E3A}.Debug|Any CPU.Build.0 = Debug|Any CPU
		{C6427121-C422-4ECA-A479-B4598F412E3A}.Release|Any CPU.ActiveCfg = Release|Any CPU
		{C6427121-C422-4ECA-A479-B4598F412E3A}.Release|Any CPU.Build.0 = Release|Any CPU
		{9172156C-9112-464D-B2A9-B2A29AEF0A1A}.Debug|Any CPU.ActiveCfg = Debug|Any CPU
		{9172156C-9112-464D-B2A9-B2A29AEF0A1A}.Debug|Any CPU.Build.0 = Debug|Any CPU
		{9172156C-9112-464D-B2A9-B2A29AEF0A1A}.Release|Any CPU.ActiveCfg = Release|Any CPU
		{9172156C-9112-464D-B2A9-B2A29AEF0A1A}.Release|Any CPU.Build.0 = Release|Any CPU
		{5EEF1496-A1F6-44DB-A041-EDBB80C80140}.Debug|Any CPU.ActiveCfg = Debug|Any CPU
		{5EEF1496-A1F6-44DB-A041-EDBB80C80140}.Debug|Any CPU.Build.0 = Debug|Any CPU
		{5EEF1496-A1F6-44DB-A041-EDBB80C80140}.Release|Any CPU.ActiveCfg = Release|Any CPU
		{5EEF1496-A1F6-44DB-A041-EDBB80C80140}.Release|Any CPU.Build.0 = Release|Any CPU
	EndGlobalSection
	GlobalSection(SolutionProperties) = preSolution
		HideSolutionNode = FALSE
	EndGlobalSection
EndGlobal
